{
  "name": "semvergit",
  "version": "0.1.1",
  "lockfileVersion": 1,
  "requires": true,
  "dependencies": {
    "ci-info": {
      "version": "1.1.2",
      "resolved": "https://registry.npmjs.org/ci-info/-/ci-info-1.1.2.tgz",
      "integrity": "sha512-uTGIPNx/nSpBdsF6xnseRXLLtfr9VLqkz8ZqHXr3Y7b6SftyRxBGjwMtJj1OhNbmlc1wZzLNAlAcvyIiE8a6ZA=="
    },
    "husky": {
      "version": "0.14.3",
      "resolved": "https://registry.npmjs.org/husky/-/husky-0.14.3.tgz",
      "integrity": "sha512-e21wivqHpstpoiWA/Yi8eFti8E+sQDSS53cpJsPptPs295QTOQR0ZwnHo2TXy1XOpZFD9rPOd3NpmqTK6uMLJA==",
      "requires": {
        "is-ci": "1.1.0",
        "normalize-path": "1.0.0",
        "strip-indent": "2.0.0"
      }
    },
    "is-ci": {
      "version": "1.1.0",
      "resolved": "https://registry.npmjs.org/is-ci/-/is-ci-1.1.0.tgz",
      "integrity": "sha512-c7TnwxLePuqIlxHgr7xtxzycJPegNHFuIrBkwbf8hc58//+Op1CqFkyS+xnIMkwn9UsJIwc174BIjkyBmSpjKg==",
      "requires": {
        "ci-info": "1.1.2"
      }
    },
    "normalize-path": {
      "version": "1.0.0",
      "resolved": "https://registry.npmjs.org/normalize-path/-/normalize-path-1.0.0.tgz",
      "integrity": "sha1-MtDkcvkf80VwHBWoMRAY07CpA3k="
    },
    "readline-sync": {
      "version": "1.4.8",
      "resolved": "https://registry.npmjs.org/readline-sync/-/readline-sync-1.4.8.tgz",
      "integrity": "sha1-Ljspb6ZKNbKwEadU5GojXUaYXeg="
    },
    "semver": {
      "version": "5.5.0",
      "resolved": "https://registry.npmjs.org/semver/-/semver-5.5.0.tgz",
      "integrity": "sha512-4SJ3dm0WAwWy/NVeioZh5AntkdJoWKxHxcmyP622fOkgHa4z3R0TdBJICINyaSDE6uNwVc8gZr+ZinwZAH4xIA=="
    },
    "strip-indent": {
      "version": "2.0.0",
      "resolved": "https://registry.npmjs.org/strip-indent/-/strip-indent-2.0.0.tgz",
      "integrity": "sha1-XvjbKV0B5u1sv3qrlpmNeCJSe2g="
    }
  }
}
